
Microsoft Visual Studio Solution File, Format Version 11.00
# Visual Studio 2010
Project("{8BC9CEB8-8B4A-11D0-8D11-00A0C91BC942}") = "testVRPNserver", "testVRPNserver\testVRPNserver.vcxproj", "{35F0878F-19B1-4F95-AAFF-550D4163DB4E}"
EndProject
Project("{8BC9CEB8-8B4A-11D0-8D11-00A0C91BC942}") = "testVRPNclient", "testVRPNclient\testVRPNclient.vcxproj", "{6C51E41F-3F00-4D6A-925F-65DD235DB152}"
EndProject
Global
	GlobalSection(SolutionConfigurationPlatforms) = preSolution
		Debug|Win32 = Debug|Win32
		Release|Win32 = Release|Win32
	EndGlobalSection
	GlobalSection(ProjectConfigurationPlatforms) = postSolution
		{35F0878F-19B1-4F95-AAFF-550D4163DB4E}.Debug|Win32.ActiveCfg = Debug|Win32
		{35F0878F-19B1-4F95-AAFF-550D4163DB4E}.Debug|Win32.Build.0 = Debug|Win32
		{35F0878F-19B1-4F95-AAFF-550D4163DB4E}.Release|Win32.ActiveCfg = Release|Win32
		{35F0878F-19B1-4F95-AAFF-550D4163DB4E}.Release|Win32.Build.0 = Release|Win32
		{6C51E41F-3F00-4D6A-925F-65DD235DB152}.Debug|Win32.ActiveCfg = Debug|Win32
		{6C51E41F-3F00-4D6A-925F-65DD235DB152}.Debug|Win32.Build.0 = Debug|Win32
		{6C51E41F-3F00-4D6A-925F-65DD235DB152}.Release|Win32.ActiveCfg = Release|Win32
		{6C51E41F-3F00-4D6A-925F-65DD235DB152}.Release|Win32.Build.0 = Release|Win32
	EndGlobalSection
	GlobalSection(SolutionProperties) = preSolution
		HideSolutionNode = FALSE
	EndGlobalSection
EndGlobal
